
Microsoft Visual Studio Solution File, Format Version 12.00
# Visual Studio Version 17
VisualStudioVersion = 17.3.32825.248
MinimumVisualStudioVersion = 10.0.40219.1
Project("{FAE04EC0-301F-11D3-BF4B-00C04F79EFBC}") = "CoffeeShopRegistration", "CoffeeShopRegistration\CoffeeShopRegistration.csproj", "{C9F3C00B-E9F5-418F-83C4-1622CAD93AC2}"
EndProject
Global
	GlobalSection(SolutionConfigurationPlatforms) = preSolution
		Debug|Any CPU = Debug|Any CPU
		Release|Any CPU = Release|Any CPU
	EndGlobalSection
	GlobalSection(ProjectConfigurationPlatforms) = postSolution
		{C9F3C00B-E9F5-418F-83C4-1622CAD93AC2}.Debug|Any CPU.ActiveCfg = Debug|Any CPU
		{C9F3C00B-E9F5-418F-83C4-1622CAD93AC2}.Debug|Any CPU.Build.0 = Debug|Any CPU
		{C9F3C00B-E9F5-418F-83C4-1622CAD93AC2}.Release|Any CPU.ActiveCfg = Release|Any CPU
		{C9F3C00B-E9F5-418F-83C4-1622CAD93AC2}.Release|Any CPU.Build.0 = Release|Any CPU
	EndGlobalSection
	GlobalSection(SolutionProperties) = preSolution
		HideSolutionNode = FALSE
	EndGlobalSection
	GlobalSection(ExtensibilityGlobals) = postSolution
		SolutionGuid = {8336D1E3-4C6C-4FFE-95FD-6A0B2F44F7ED}
	EndGlobalSection
EndGlobal
